version = 1
revision = 3
requires-python = ">=3.14"

[[package]]
name = "dataconf"
version = "0.1.0"
source = { editable = "." }
dependencies = [
    { name = "rtoml" },
]

[package.metadata]
requires-dist = [{ name = "rtoml", specifier = ">=0.13.0" }]

[[package]]
name = "rtoml"
version = "0.13.0"
source = { registry = "https://pypi.org/simple" }
sdist = { url = "https://files.pythonhosted.org/packages/e9/11/2655729f675411fc82588d6cf598758a2339d56c5a2fa6eb89f3302ec484/rtoml-0.13.0.tar.gz", hash = "sha256:974522c887b47abc0bb62ee8ae9e44d3a0c2cdac9d60ba0ed01c5a40df0ea424", size = 43171, upload-time = "2025-10-19T04:59:00.262Z" }
wheels = [
    { url = "https://files.pythonhosted.org/packages/28/51/07a144e0fd7fa0f2273a8a65e7ede19aa59ffac13b15c8344c462eaa0689/rtoml-0.13.0-cp314-cp314-macosx_10_12_x86_64.whl", hash = "sha256:566f8f8e6dc2e965972b0d8f7c856e4920c443815e9d29a895ae04d588d9b48f", size = 329514, upload-time = "2025-10-19T04:58:46.796Z" },
    { url = "https://files.pythonhosted.org/packages/b4/b1/0205f688f83051457c1553fc152dc0617fe39acb2377cb0a657ff467a825/rtoml-0.13.0-cp314-cp314-macosx_11_0_arm64.whl", hash = "sha256:e5634d2079c8912958791973e0a4cfed311660286bfb6b14698294735ede7b7d", size = 312328, upload-time = "2025-10-19T04:58:47.857Z" },
    { url = "https://files.pythonhosted.org/packages/d8/11/1b5205c03e7644b39112231a905691c9c24caab8bbeb08507e8e43a064c5/rtoml-0.13.0-cp314-cp314-manylinux_2_17_aarch64.manylinux2014_aarch64.whl", hash = "sha256:18a141e0ea5ec8e0be88726d768956affe4a937b109421567cbd4dfdc5016d0c", size = 338687, upload-time = "2025-10-19T04:58:49.028Z" },
    { url = "https://files.pythonhosted.org/packages/38/56/5709af9938727211b5883ad66b03a86b19b3d6544388115e4e39d506afc8/rtoml-0.13.0-cp314-cp314-manylinux_2_17_armv7l.manylinux2014_armv7l.whl", hash = "sha256:55b003f31a87f49dd941d02aac84b7c4d8cfbd1dfcc80d7a6a71835c72ddd74f", size = 365670, upload-time = "2025-10-19T04:58:49.988Z" },
    { url = "https://files.pythonhosted.org/packages/0d/a6/99fa1618beca99f62b5a156874eb5752fe51eb78e3f0363c9533d34fd9dc/rtoml-0.13.0-cp314-cp314-manylinux_2_17_ppc64le.manylinux2014_ppc64le.whl", hash = "sha256:9c7ade406218833fbbc97ceca92050c02f4d724045770eb9020be1b3d97df455", size = 382240, upload-time = "2025-10-19T04:58:50.954Z" },
    { url = "https://files.pythonhosted.org/packages/88/0e/23f7719656bdabeee1731b46443ea1d3aaecdde702142bcd7757a4ab75b2/rtoml-0.13.0-cp314-cp314-manylinux_2_17_s390x.manylinux2014_s390x.whl", hash = "sha256:c84d8b77cd0dbb5cf1da33846d5c5fd02536c06ab5ab560e90e4ca2920942b58", size = 406158, upload-time = "2025-10-19T04:58:51.925Z" },
    { url = "https://files.pythonhosted.org/packages/60/66/07df2e5f99f17696a46fd6cbc5c9d279422b1652f0d130a122418ee077ea/rtoml-0.13.0-cp314-cp314-manylinux_2_17_x86_64.manylinux2014_x86_64.whl", hash = "sha256:95a229595254449cbf0b2e396f1b444ed8a0c259f78bab505326bb2a1e4239ff", size = 345644, upload-time = "2025-10-19T04:58:52.839Z" },
    { url = "https://files.pythonhosted.org/packages/83/fc/32efd575a5b1f6674675dd8ed181c7cca81fa315b8411df23f91251b2fd6/rtoml-0.13.0-cp314-cp314-manylinux_2_5_i686.manylinux1_i686.whl", hash = "sha256:a3bf2a94df8bb22642fbd263b17aa6b7822384a756204c1da9ae05c4c5c749f9", size = 372629, upload-time = "2025-10-19T04:58:53.846Z" },
    { url = "https://files.pythonhosted.org/packages/77/ca/e70ee8457ea07885b885848e07ac07590f9e70e8a57b564e2cb23583dcca/rtoml-0.13.0-cp314-cp314-musllinux_1_1_aarch64.whl", hash = "sha256:8377affbcf36c4fc8360778015c82972b4d0134faacee426ec37e8e7afcf3855", size = 519169, upload-time = "2025-10-19T04:58:54.754Z" },
    { url = "https://files.pythonhosted.org/packages/fa/20/2eb6fab37a545902fe634318e33c1d2199ae4f3be3b522da1dc5f7563a74/rtoml-0.13.0-cp314-cp314-musllinux_1_1_x86_64.whl", hash = "sha256:b844b95939cc4f7b88d99fc874a191957d218ecf057bdc381745ad58e953361b", size = 518186, upload-time = "2025-10-19T04:58:55.705Z" },
    { url = "https://files.pythonhosted.org/packages/f2/1c/f1251b42591aaab0feb2d9a4ab8c9c6f49511f2bae6fea175d7db4111f13/rtoml-0.13.0-cp314-cp314-win32.whl", hash = "sha256:cadb00e9a4d09832d2842ae18638d27103c992ccfbc5a702eb14b6b40e4e0ed9", size = 217475, upload-time = "2025-10-19T04:58:57.211Z" },
    { url = "https://files.pythonhosted.org/packages/fc/e5/db02ccd1aea7b17645b785b55c605c655959655f320f4fadfa1d293c914e/rtoml-0.13.0-cp314-cp314-win_amd64.whl", hash = "sha256:4f1c6fa1c31f2baabc1436e8b87997da2b960e61a5a4dac52f7f4e4ef7b6810c", size = 221608, upload-time = "2025-10-19T04:58:58.07Z" },
    { url = "https://files.pythonhosted.org/packages/7a/63/48fd3207eb8f50566d871d86ea25cd86e4f2de2459229907e271272f58ac/rtoml-0.13.0-cp314-cp314-win_arm64.whl", hash = "sha256:f513e54f6788038bb6473564544b27cecd48dc2666fc066eb09f3759df4e3b42", size = 211938, upload-time = "2025-10-19T04:58:58.963Z" },
]
